// !$*UTF8*$!
{
	archiveVersion = 1;
	classes = {
	};
	objectVersion = 56;
	objects = {

/* Begin PBXBuildFile section */
		CE619C6A2951F97D00BACD56 /* AppDelegate.swift in Sources */ = {isa = PBXBuildFile; fileRef = CE619C692951F97D00BACD56 /* AppDelegate.swift */; };
		CE619C6C2951F97D00BACD56 /* SceneDelegate.swift in Sources */ = {isa = PBXBuildFile; fileRef = CE619C6B2951F97D00BACD56 /* SceneDelegate.swift */; };
		CE619C6E2951F97D00BACD56 /* ConversationsViewController.swift in Sources */ = {isa = PBXBuildFile; fileRef = CE619C6D2951F97D00BACD56 /* ConversationsViewController.swift */; };
		CE619C712951F97D00BACD56 /* Main.storyboard in Resources */ = {isa = PBXBuildFile; fileRef = CE619C6F2951F97D00BACD56 /* Main.storyboard */; };
		CE619C732951F97F00BACD56 /* Assets.xcassets in Resources */ = {isa = PBXBuildFile; fileRef = CE619C722951F97F00BACD56 /* Assets.xcassets */; };
		CE619C762951F97F00BACD56 /* LaunchScreen.storyboard in Resources */ = {isa = PBXBuildFile; fileRef = CE619C742951F97F00BACD56 /* LaunchScreen.storyboard */; };
		CE619C832951FBF700BACD56 /* LoginViewController.swift in Sources */ = {isa = PBXBuildFile; fileRef = CE619C822951FBF700BACD56 /* LoginViewController.swift */; };
		CE619C852951FC0900BACD56 /* RegisterViewController.swift in Sources */ = {isa = PBXBuildFile; fileRef = CE619C842951FC0900BACD56 /* RegisterViewController.swift */; };
		CE619C872951FC5100BACD56 /* PhotoViewerViewController.swift in Sources */ = {isa = PBXBuildFile; fileRef = CE619C862951FC5100BACD56 /* PhotoViewerViewController.swift */; };
		CE619C892951FC6C00BACD56 /* VideoPlayerViewController.swift in Sources */ = {isa = PBXBuildFile; fileRef = CE619C882951FC6C00BACD56 /* VideoPlayerViewController.swift */; };
		CE619C8B2951FCC700BACD56 /* NewConversationViewController.swift in Sources */ = {isa = PBXBuildFile; fileRef = CE619C8A2951FCC700BACD56 /* NewConversationViewController.swift */; };
		CE619C8D2951FCCF00BACD56 /* ProfileViewController.swift in Sources */ = {isa = PBXBuildFile; fileRef = CE619C8C2951FCCF00BACD56 /* ProfileViewController.swift */; };
		CE619C9029526D9000BACD56 /* Extentions.swift in Sources */ = {isa = PBXBuildFile; fileRef = CE619C8F29526D9000BACD56 /* Extentions.swift */; };
		CE829520295345A1005E355D /* FirebaseAnalytics in Frameworks */ = {isa = PBXBuildFile; productRef = CE82951F295345A1005E355D /* FirebaseAnalytics */; };
		CE829522295345A1005E355D /* FirebaseAuth in Frameworks */ = {isa = PBXBuildFile; productRef = CE829521295345A1005E355D /* FirebaseAuth */; };
		CE829524295345A1005E355D /* FirebaseFirestore in Frameworks */ = {isa = PBXBuildFile; productRef = CE829523295345A1005E355D /* FirebaseFirestore */; };
		CE829526295345A1005E355D /* FirebaseRemoteConfigSwift in Frameworks */ = {isa = PBXBuildFile; productRef = CE829525295345A1005E355D /* FirebaseRemoteConfigSwift */; };
		CE829528295345A1005E355D /* FirebaseStorage in Frameworks */ = {isa = PBXBuildFile; productRef = CE829527295345A1005E355D /* FirebaseStorage */; };
		CE82952A29534708005E355D /* GoogleService-Info.plist in Resources */ = {isa = PBXBuildFile; fileRef = CE82952929534707005E355D /* GoogleService-Info.plist */; };
		CEF197E4295356E60061DEFF /* DatabaseManager.swift in Sources */ = {isa = PBXBuildFile; fileRef = CEF197E3295356E60061DEFF /* DatabaseManager.swift */; };
		CEF197E72954B6910061DEFF /* FirebaseDatabase in Frameworks */ = {isa = PBXBuildFile; productRef = CEF197E62954B6910061DEFF /* FirebaseDatabase */; };
/* End PBXBuildFile section */

/* Begin PBXFileReference section */
		CE619C662951F97D00BACD56 /* Messenger.app */ = {isa = PBXFileReference; explicitFileType = wrapper.application; includeInIndex = 0; path = Messenger.app; sourceTree = BUILT_PRODUCTS_DIR; };
		CE619C692951F97D00BACD56 /* AppDelegate.swift */ = {isa = PBXFileReference; lastKnownFileType = sourcecode.swift; path = AppDelegate.swift; sourceTree = "<group>"; };
		CE619C6B2951F97D00BACD56 /* SceneDelegate.swift */ = {isa = PBXFileReference; lastKnownFileType = sourcecode.swift; path = SceneDelegate.swift; sourceTree = "<group>"; };
		CE619C6D2951F97D00BACD56 /* ConversationsViewController.swift */ = {isa = PBXFileReference; lastKnownFileType = sourcecode.swift; path = ConversationsViewController.swift; sourceTree = "<group>"; };
		CE619C702951F97D00BACD56 /* Base */ = {isa = PBXFileReference; lastKnownFileType = file.storyboard; name = Base; path = Base.lproj/Main.storyboard; sourceTree = "<group>"; };
		CE619C722951F97F00BACD56 /* Assets.xcassets */ = {isa = PBXFileReference; lastKnownFileType = folder.assetcatalog; path = Assets.xcassets; sourceTree = "<group>"; };
		CE619C752951F97F00BACD56 /* Base */ = {isa = PBXFileReference; lastKnownFileType = file.storyboard; name = Base; path = Base.lproj/LaunchScreen.storyboard; sourceTree = "<group>"; };
		CE619C772951F97F00BACD56 /* Info.plist */ = {isa = PBXFileReference; lastKnownFileType = text.plist.xml; path = Info.plist; sourceTree = "<group>"; };
		CE619C822951FBF700BACD56 /* LoginViewController.swift */ = {isa = PBXFileReference; lastKnownFileType = sourcecode.swift; path = LoginViewController.swift; sourceTree = "<group>"; };
		CE619C842951FC0900BACD56 /* RegisterViewController.swift */ = {isa = PBXFileReference; lastKnownFileType = sourcecode.swift; path = RegisterViewController.swift; sourceTree = "<group>"; };
		CE619C862951FC5100BACD56 /* PhotoViewerViewController.swift */ = {isa = PBXFileReference; lastKnownFileType = sourcecode.swift; path = PhotoViewerViewController.swift; sourceTree = "<group>"; };
		CE619C882951FC6C00BACD56 /* VideoPlayerViewController.swift */ = {isa = PBXFileReference; lastKnownFileType = sourcecode.swift; path = VideoPlayerViewController.swift; sourceTree = "<group>"; };
		CE619C8A2951FCC700BACD56 /* NewConversationViewController.swift */ = {isa = PBXFileReference; lastKnownFileType = sourcecode.swift; path = NewConversationViewController.swift; sourceTree = "<group>"; };
		CE619C8C2951FCCF00BACD56 /* ProfileViewController.swift */ = {isa = PBXFileReference; lastKnownFileType = sourcecode.swift; path = ProfileViewController.swift; sourceTree = "<group>"; };
		CE619C8F29526D9000BACD56 /* Extentions.swift */ = {isa = PBXFileReference; lastKnownFileType = sourcecode.swift; path = Extentions.swift; sourceTree = "<group>"; };
		CE82952929534707005E355D /* GoogleService-Info.plist */ = {isa = PBXFileReference; fileEncoding = 4; lastKnownFileType = text.plist.xml; path = "GoogleService-Info.plist"; sourceTree = "<group>"; };
		CEF197E3295356E60061DEFF /* DatabaseManager.swift */ = {isa = PBXFileReference; lastKnownFileType = sourcecode.swift; path = DatabaseManager.swift; sourceTree = "<group>"; };
/* End PBXFileReference section */

/* Begin PBXFrameworksBuildPhase section */
		CE619C632951F97D00BACD56 /* Frameworks */ = {
			isa = PBXFrameworksBuildPhase;
			buildActionMask = 2147483647;
			files = (
				CEF197E72954B6910061DEFF /* FirebaseDatabase in Frameworks */,
				CE829520295345A1005E355D /* FirebaseAnalytics in Frameworks */,
				CE829526295345A1005E355D /* FirebaseRemoteConfigSwift in Frameworks */,
				CE829522295345A1005E355D /* FirebaseAuth in Frameworks */,
				CE829528295345A1005E355D /* FirebaseStorage in Frameworks */,
				CE829524295345A1005E355D /* FirebaseFirestore in Frameworks */,
			);
			runOnlyForDeploymentPostprocessing = 0;
		};
/* End PBXFrameworksBuildPhase section */

/* Begin PBXGroup section */
		CE619C5D2951F97D00BACD56 = {
			isa = PBXGroup;
			children = (
				CE619C682951F97D00BACD56 /* Messenger */,
				CE619C672951F97D00BACD56 /* Products */,
				CEF197E52954B6910061DEFF /* Frameworks */,
			);
			sourceTree = "<group>";
		};
		CE619C672951F97D00BACD56 /* Products */ = {
			isa = PBXGroup;
			children = (
				CE619C662951F97D00BACD56 /* Messenger.app */,
			);
			name = Products;
			sourceTree = "<group>";
		};
		CE619C682951F97D00BACD56 /* Messenger */ = {
			isa = PBXGroup;
			children = (
				CE82952929534707005E355D /* GoogleService-Info.plist */,
				CE619C7D2951FA6700BACD56 /* Resourses */,
				CE619C7E2951FAD400BACD56 /* ViewModel */,
				CE619C7F2951FAEB00BACD56 /* Model */,
				CE619C802951FAF600BACD56 /* Views */,
				CE619C812951FB0F00BACD56 /* Controllers */,
				CE619C772951F97F00BACD56 /* Info.plist */,
			);
			path = Messenger;
			sourceTree = "<group>";
		};
		CE619C7D2951FA6700BACD56 /* Resourses */ = {
			isa = PBXGroup;
			children = (
				CE619C692951F97D00BACD56 /* AppDelegate.swift */,
				CE619C6B2951F97D00BACD56 /* SceneDelegate.swift */,
				CE619C8F29526D9000BACD56 /* Extentions.swift */,
				CEF197E3295356E60061DEFF /* DatabaseManager.swift */,
			);
			path = Resourses;
			sourceTree = "<group>";
		};
		CE619C7E2951FAD400BACD56 /* ViewModel */ = {
			isa = PBXGroup;
			children = (
			);
			path = ViewModel;
			sourceTree = "<group>";
		};
		CE619C7F2951FAEB00BACD56 /* Model */ = {
			isa = PBXGroup;
			children = (
			);
			path = Model;
			sourceTree = "<group>";
		};
		CE619C802951FAF600BACD56 /* Views */ = {
			isa = PBXGroup;
			children = (
				CE619C6F2951F97D00BACD56 /* Main.storyboard */,
				CE619C722951F97F00BACD56 /* Assets.xcassets */,
				CE619C742951F97F00BACD56 /* LaunchScreen.storyboard */,
			);
			path = Views;
			sourceTree = "<group>";
		};
		CE619C812951FB0F00BACD56 /* Controllers */ = {
			isa = PBXGroup;
			children = (
				CE619C6D2951F97D00BACD56 /* ConversationsViewController.swift */,
				CE619C8E2952670000BACD56 /* LogIn */,
				CE619C862951FC5100BACD56 /* PhotoViewerViewController.swift */,
				CE619C882951FC6C00BACD56 /* VideoPlayerViewController.swift */,
				CE619C8A2951FCC700BACD56 /* NewConversationViewController.swift */,
				CE619C8C2951FCCF00BACD56 /* ProfileViewController.swift */,
			);
			path = Controllers;
			sourceTree = "<group>";
		};
		CE619C8E2952670000BACD56 /* LogIn */ = {
			isa = PBXGroup;
			children = (
				CE619C822951FBF700BACD56 /* LoginViewController.swift */,
				CE619C842951FC0900BACD56 /* RegisterViewController.swift */,
			);
			path = LogIn;
			sourceTree = "<group>";
		};
		CEF197E52954B6910061DEFF /* Frameworks */ = {
			isa = PBXGroup;
			children = (
			);
			name = Frameworks;
			sourceTree = "<group>";
		};
/* End PBXGroup section */

/* Begin PBXNativeTarget section */
		CE619C652951F97D00BACD56 /* Messenger */ = {
			isa = PBXNativeTarget;
			buildConfigurationList = CE619C7A2951F97F00BACD56 /* Build configuration list for PBXNativeTarget "Messenger" */;
			buildPhases = (
				CE619C622951F97D00BACD56 /* Sources */,
				CE619C632951F97D00BACD56 /* Frameworks */,
				CE619C642951F97D00BACD56 /* Resources */,
			);
			buildRules = (
			);
			dependencies = (
			);
			name = Messenger;
			packageProductDependencies = (
				CE82951F295345A1005E355D /* FirebaseAnalytics */,
				CE829521295345A1005E355D /* FirebaseAuth */,
				CE829523295345A1005E355D /* FirebaseFirestore */,
				CE829525295345A1005E355D /* FirebaseRemoteConfigSwift */,
				CE829527295345A1005E355D /* FirebaseStorage */,
				CEF197E62954B6910061DEFF /* FirebaseDatabase */,
			);
			productName = Messenger;
			productReference = CE619C662951F97D00BACD56 /* Messenger.app */;
			productType = "com.apple.product-type.application";
		};
/* End PBXNativeTarget section */

/* Begin PBXProject section */
		CE619C5E2951F97D00BACD56 /* Project object */ = {
			isa = PBXProject;
			attributes = {
				BuildIndependentTargetsInParallel = 1;
				LastSwiftUpdateCheck = 1400;
				LastUpgradeCheck = 1400;
				TargetAttributes = {
					CE619C652951F97D00BACD56 = {
						CreatedOnToolsVersion = 14.0;
					};
				};
			};
			buildConfigurationList = CE619C612951F97D00BACD56 /* Build configuration list for PBXProject "Messenger" */;
			compatibilityVersion = "Xcode 14.0";
			developmentRegion = en;
			hasScannedForEncodings = 0;
			knownRegions = (
				en,
				Base,
			);
			mainGroup = CE619C5D2951F97D00BACD56;
			packageReferences = (
				CE82951E295345A1005E355D /* XCRemoteSwiftPackageReference "firebase-ios-sdk" */,
			);
			productRefGroup = CE619C672951F97D00BACD56 /* Products */;
			projectDirPath = "";
			projectRoot = "";
			targets = (
				CE619C652951F97D00BACD56 /* Messenger */,
			);
		};
/* End PBXProject section */

/* Begin PBXResourcesBuildPhase section */
		CE619C642951F97D00BACD56 /* Resources */ = {
			isa = PBXResourcesBuildPhase;
			buildActionMask = 2147483647;
			files = (
				CE619C762951F97F00BACD56 /* LaunchScreen.storyboard in Resources */,
				CE82952A29534708005E355D /* GoogleService-Info.plist in Resources */,
				CE619C732951F97F00BACD56 /* Assets.xcassets in Resources */,
				CE619C712951F97D00BACD56 /* Main.storyboard in Resources */,
			);
			runOnlyForDeploymentPostprocessing = 0;
		};
/* End PBXResourcesBuildPhase section */

/* Begin PBXSourcesBuildPhase section */
		CE619C622951F97D00BACD56 /* Sources */ = {
			isa = PBXSourcesBuildPhase;
			buildActionMask = 2147483647;
			files = (
				CE619C832951FBF700BACD56 /* LoginViewController.swift in Sources */,
				CEF197E4295356E60061DEFF /* DatabaseManager.swift in Sources */,
				CE619C852951FC0900BACD56 /* RegisterViewController.swift in Sources */,
				CE619C9029526D9000BACD56 /* Extentions.swift in Sources */,
				CE619C8B2951FCC700BACD56 /* NewConversationViewController.swift in Sources */,
				CE619C6E2951F97D00BACD56 /* ConversationsViewController.swift in Sources */,
				CE619C892951FC6C00BACD56 /* VideoPlayerViewController.swift in Sources */,
				CE619C6A2951F97D00BACD56 /* AppDelegate.swift in Sources */,
				CE619C8D2951FCCF00BACD56 /* ProfileViewController.swift in Sources */,
				CE619C6C2951F97D00BACD56 /* SceneDelegate.swift in Sources */,
				CE619C872951FC5100BACD56 /* PhotoViewerViewController.swift in Sources */,
			);
			runOnlyForDeploymentPostprocessing = 0;
		};
/* End PBXSourcesBuildPhase section */

/* Begin PBXVariantGroup section */
		CE619C6F2951F97D00BACD56 /* Main.storyboard */ = {
			isa = PBXVariantGroup;
			children = (
				CE619C702951F97D00BACD56 /* Base */,
			);
			name = Main.storyboard;
			sourceTree = "<group>";
		};
		CE619C742951F97F00BACD56 /* LaunchScreen.storyboard */ = {
			isa = PBXVariantGroup;
			children = (
				CE619C752951F97F00BACD56 /* Base */,
			);
			name = LaunchScreen.storyboard;
			sourceTree = "<group>";
		};
/* End PBXVariantGroup section */

/* Begin XCBuildConfiguration section */
		CE619C782951F97F00BACD56 /* Debug */ = {
			isa = XCBuildConfiguration;
			buildSettings = {
				ALWAYS_SEARCH_USER_PATHS = NO;
				CLANG_ANALYZER_NONNULL = YES;
				CLANG_ANALYZER_NUMBER_OBJECT_CONVERSION = YES_AGGRESSIVE;
				CLANG_CXX_LANGUAGE_STANDARD = "gnu++20";
				CLANG_ENABLE_MODULES = YES;
				CLANG_ENABLE_OBJC_ARC = YES;
				CLANG_ENABLE_OBJC_WEAK = YES;
				CLANG_WARN_BLOCK_CAPTURE_AUTORELEASING = YES;
				CLANG_WARN_BOOL_CONVERSION = YES;
				CLANG_WARN_COMMA = YES;
				CLANG_WARN_CONSTANT_CONVERSION = YES;
				CLANG_WARN_DEPRECATED_OBJC_IMPLEMENTATIONS = YES;
				CLANG_WARN_DIRECT_OBJC_ISA_USAGE = YES_ERROR;
				CLANG_WARN_DOCUMENTATION_COMMENTS = YES;
				CLANG_WARN_EMPTY_BODY = YES;
				CLANG_WARN_ENUM_CONVERSION = YES;
				CLANG_WARN_INFINITE_RECURSION = YES;
				CLANG_WARN_INT_CONVERSION = YES;
				CLANG_WARN_NON_LITERAL_NULL_CONVERSION = YES;
				CLANG_WARN_OBJC_IMPLICIT_RETAIN_SELF = YES;
				CLANG_WARN_OBJC_LITERAL_CONVERSION = YES;
				CLANG_WARN_OBJC_ROOT_CLASS = YES_ERROR;
				CLANG_WARN_QUOTED_INCLUDE_IN_FRAMEWORK_HEADER = YES;
				CLANG_WARN_RANGE_LOOP_ANALYSIS = YES;
				CLANG_WARN_STRICT_PROTOTYPES = YES;
				CLANG_WARN_SUSPICIOUS_MOVE = YES;
				CLANG_WARN_UNGUARDED_AVAILABILITY = YES_AGGRESSIVE;
				CLANG_WARN_UNREACHABLE_CODE = YES;
				CLANG_WARN__DUPLICATE_METHOD_MATCH = YES;
				COPY_PHASE_STRIP = NO;
				DEBUG_INFORMATION_FORMAT = dwarf;
				ENABLE_STRICT_OBJC_MSGSEND = YES;
				ENABLE_TESTABILITY = YES;
				GCC_C_LANGUAGE_STANDARD = gnu11;
				GCC_DYNAMIC_NO_PIC = NO;
				GCC_NO_COMMON_BLOCKS = YES;
				GCC_OPTIMIZATION_LEVEL = 0;
				GCC_PREPROCESSOR_DEFINITIONS = (
					"DEBUG=1",
					"$(inherited)",
				);
				GCC_WARN_64_TO_32_BIT_CONVERSION = YES;
				GCC_WARN_ABOUT_RETURN_TYPE = YES_ERROR;
				GCC_WARN_UNDECLARED_SELECTOR = YES;
				GCC_WARN_UNINITIALIZED_AUTOS = YES_AGGRESSIVE;
				GCC_WARN_UNUSED_FUNCTION = YES;
				GCC_WARN_UNUSED_VARIABLE = YES;
				IPHONEOS_DEPLOYMENT_TARGET = 16.0;
				MTL_ENABLE_DEBUG_INFO = INCLUDE_SOURCE;
				MTL_FAST_MATH = YES;
				ONLY_ACTIVE_ARCH = YES;
				SDKROOT = iphoneos;
				SWIFT_ACTIVE_COMPILATION_CONDITIONS = DEBUG;
				SWIFT_OPTIMIZATION_LEVEL = "-Onone";
			};
			name = Debug;
		};
		CE619C792951F97F00BACD56 /* Release */ = {
			isa = XCBuildConfiguration;
			buildSettings = {
				ALWAYS_SEARCH_USER_PATHS = NO;
				CLANG_ANALYZER_NONNULL = YES;
				CLANG_ANALYZER_NUMBER_OBJECT_CONVERSION = YES_AGGRESSIVE;
				CLANG_CXX_LANGUAGE_STANDARD = "gnu++20";
				CLANG_ENABLE_MODULES = YES;
				CLANG_ENABLE_OBJC_ARC = YES;
				CLANG_ENABLE_OBJC_WEAK = YES;
				CLANG_WARN_BLOCK_CAPTURE_AUTORELEASING = YES;
				CLANG_WARN_BOOL_CONVERSION = YES;
				CLANG_WARN_COMMA = YES;
				CLANG_WARN_CONSTANT_CONVERSION = YES;
				CLANG_WARN_DEPRECATED_OBJC_IMPLEMENTATIONS = YES;
				CLANG_WARN_DIRECT_OBJC_ISA_USAGE = YES_ERROR;
				CLANG_WARN_DOCUMENTATION_COMMENTS = YES;
				CLANG_WARN_EMPTY_BODY = YES;
				CLANG_WARN_ENUM_CONVERSION = YES;
				CLANG_WARN_INFINITE_RECURSION = YES;
				CLANG_WARN_INT_CONVERSION = YES;
				CLANG_WARN_NON_LITERAL_NULL_CONVERSION = YES;
				CLANG_WARN_OBJC_IMPLICIT_RETAIN_SELF = YES;
				CLANG_WARN_OBJC_LITERAL_CONVERSION = YES;
				CLANG_WARN_OBJC_ROOT_CLASS = YES_ERROR;
				CLANG_WARN_QUOTED_INCLUDE_IN_FRAMEWORK_HEADER = YES;
				CLANG_WARN_RANGE_LOOP_ANALYSIS = YES;
				CLANG_WARN_STRICT_PROTOTYPES = YES;
				CLANG_WARN_SUSPICIOUS_MOVE = YES;
				CLANG_WARN_UNGUARDED_AVAILABILITY = YES_AGGRESSIVE;
				CLANG_WARN_UNREACHABLE_CODE = YES;
				CLANG_WARN__DUPLICATE_METHOD_MATCH = YES;
				COPY_PHASE_STRIP = NO;
				DEBUG_INFORMATION_FORMAT = "dwarf-with-dsym";
				ENABLE_NS_ASSERTIONS = NO;
				ENABLE_STRICT_OBJC_MSGSEND = YES;
				GCC_C_LANGUAGE_STANDARD = gnu11;
				GCC_NO_COMMON_BLOCKS = YES;
				GCC_WARN_64_TO_32_BIT_CONVERSION = YES;
				GCC_WARN_ABOUT_RETURN_TYPE = YES_ERROR;
				GCC_WARN_UNDECLARED_SELECTOR = YES;
				GCC_WARN_UNINITIALIZED_AUTOS = YES_AGGRESSIVE;
				GCC_WARN_UNUSED_FUNCTION = YES;
				GCC_WARN_UNUSED_VARIABLE = YES;
				IPHONEOS_DEPLOYMENT_TARGET = 16.0;
				MTL_ENABLE_DEBUG_INFO = NO;
				MTL_FAST_MATH = YES;
				SDKROOT = iphoneos;
				SWIFT_COMPILATION_MODE = wholemodule;
				SWIFT_OPTIMIZATION_LEVEL = "-O";
				VALIDATE_PRODUCT = YES;
			};
			name = Release;
		};
		CE619C7B2951F97F00BACD56 /* Debug */ = {
			isa = XCBuildConfiguration;
			buildSettings = {
				ASSETCATALOG_COMPILER_APPICON_NAME = AppIcon;
				ASSETCATALOG_COMPILER_GLOBAL_ACCENT_COLOR_NAME = AccentColor;
				CODE_SIGN_STYLE = Automatic;
				CURRENT_PROJECT_VERSION = 1;
				GENERATE_INFOPLIST_FILE = YES;
				INFOPLIST_FILE = Messenger/Info.plist;
				INFOPLIST_KEY_NSCameraUsageDescription = "Please allow access to take a profile pictute";
				INFOPLIST_KEY_NSPhotoLibraryUsageDescription = "Please allow access to select a photo for your profile";
				INFOPLIST_KEY_UIApplicationSupportsIndirectInputEvents = YES;
				INFOPLIST_KEY_UILaunchStoryboardName = LaunchScreen;
				INFOPLIST_KEY_UIMainStoryboardFile = Main;
				INFOPLIST_KEY_UISupportedInterfaceOrientations_iPad = "UIInterfaceOrientationPortrait UIInterfaceOrientationPortraitUpsideDown UIInterfaceOrientationLandscapeLeft UIInterfaceOrientationLandscapeRight";
				INFOPLIST_KEY_UISupportedInterfaceOrientations_iPhone = "UIInterfaceOrientationPortrait UIInterfaceOrientationLandscapeLeft UIInterfaceOrientationLandscapeRight";
				LD_RUNPATH_SEARCH_PATHS = (
					"$(inherited)",
					"@executable_path/Frameworks",
				);
				MARKETING_VERSION = 1.0;
				PRODUCT_BUNDLE_IDENTIFIER = Zaini.Messenger;
				PRODUCT_NAME = "$(TARGET_NAME)";
				SWIFT_EMIT_LOC_STRINGS = YES;
				SWIFT_VERSION = 5.0;
				TARGETED_DEVICE_FAMILY = "1,2";
			};
			name = Debug;
		};
		CE619C7C2951F97F00BACD56 /* Release */ = {
			isa = XCBuildConfiguration;
			buildSettings = {
				ASSETCATALOG_COMPILER_APPICON_NAME = AppIcon;
				ASSETCATALOG_COMPILER_GLOBAL_ACCENT_COLOR_NAME = AccentColor;
				CODE_SIGN_STYLE = Automatic;
				CURRENT_PROJECT_VERSION = 1;
				GENERATE_INFOPLIST_FILE = YES;
				INFOPLIST_FILE = Messenger/Info.plist;
				INFOPLIST_KEY_NSCameraUsageDescription = "Please allow access to take a profile pictute";
				INFOPLIST_KEY_NSPhotoLibraryUsageDescription = "Please allow access to select a photo for your profile";
				INFOPLIST_KEY_UIApplicationSupportsIndirectInputEvents = YES;
				INFOPLIST_KEY_UILaunchStoryboardName = LaunchScreen;
				INFOPLIST_KEY_UIMainStoryboardFile = Main;
				INFOPLIST_KEY_UISupportedInterfaceOrientations_iPad = "UIInterfaceOrientationPortrait UIInterfaceOrientationPortraitUpsideDown UIInterfaceOrientationLandscapeLeft UIInterfaceOrientationLandscapeRight";
				INFOPLIST_KEY_UISupportedInterfaceOrientations_iPhone = "UIInterfaceOrientationPortrait UIInterfaceOrientationLandscapeLeft UIInterfaceOrientationLandscapeRight";
				LD_RUNPATH_SEARCH_PATHS = (
					"$(inherited)",
					"@executable_path/Frameworks",
				);
				MARKETING_VERSION = 1.0;
				PRODUCT_BUNDLE_IDENTIFIER = Zaini.Messenger;
				PRODUCT_NAME = "$(TARGET_NAME)";
				SWIFT_EMIT_LOC_STRINGS = YES;
				SWIFT_VERSION = 5.0;
				TARGETED_DEVICE_FAMILY = "1,2";
			};
			name = Release;
		};
/* End XCBuildConfiguration section */

/* Begin XCConfigurationList section */
		CE619C612951F97D00BACD56 /* Build configuration list for PBXProject "Messenger" */ = {
			isa = XCConfigurationList;
			buildConfigurations = (
				CE619C782951F97F00BACD56 /* Debug */,
				CE619C792951F97F00BACD56 /* Release */,
			);
			defaultConfigurationIsVisible = 0;
			defaultConfigurationName = Release;
		};
		CE619C7A2951F97F00BACD56 /* Build configuration list for PBXNativeTarget "Messenger" */ = {
			isa = XCConfigurationList;
			buildConfigurations = (
				CE619C7B2951F97F00BACD56 /* Debug */,
				CE619C7C2951F97F00BACD56 /* Release */,
			);
			defaultConfigurationIsVisible = 0;
			defaultConfigurationName = Release;
		};
/* End XCConfigurationList section */

/* Begin XCRemoteSwiftPackageReference section */
		CE82951E295345A1005E355D /* XCRemoteSwiftPackageReference "firebase-ios-sdk" */ = {
			isa = XCRemoteSwiftPackageReference;
			repositoryURL = "https://github.com/firebase/firebase-ios-sdk.git";
			requirement = {
				kind = upToNextMajorVersion;
				minimumVersion = 9.0.0;
			};
		};
/* End XCRemoteSwiftPackageReference section */

/* Begin XCSwiftPackageProductDependency section */
		CE82951F295345A1005E355D /* FirebaseAnalytics */ = {
			isa = XCSwiftPackageProductDependency;
			package = CE82951E295345A1005E355D /* XCRemoteSwiftPackageReference "firebase-ios-sdk" */;
			productName = FirebaseAnalytics;
		};
		CE829521295345A1005E355D /* FirebaseAuth */ = {
			isa = XCSwiftPackageProductDependency;
			package = CE82951E295345A1005E355D /* XCRemoteSwiftPackageReference "firebase-ios-sdk" */;
			productName = FirebaseAuth;
		};
		CE829523295345A1005E355D /* FirebaseFirestore */ = {
			isa = XCSwiftPackageProductDependency;
			package = CE82951E295345A1005E355D /* XCRemoteSwiftPackageReference "firebase-ios-sdk" */;
			productName = FirebaseFirestore;
		};
		CE829525295345A1005E355D /* FirebaseRemoteConfigSwift */ = {
			isa = XCSwiftPackageProductDependency;
			package = CE82951E295345A1005E355D /* XCRemoteSwiftPackageReference "firebase-ios-sdk" */;
			productName = FirebaseRemoteConfigSwift;
		};
		CE829527295345A1005E355D /* FirebaseStorage */ = {
			isa = XCSwiftPackageProductDependency;
			package = CE82951E295345A1005E355D /* XCRemoteSwiftPackageReference "firebase-ios-sdk" */;
			productName = FirebaseStorage;
		};
		CEF197E62954B6910061DEFF /* FirebaseDatabase */ = {
			isa = XCSwiftPackageProductDependency;
			package = CE82951E295345A1005E355D /* XCRemoteSwiftPackageReference "firebase-ios-sdk" */;
			productName = FirebaseDatabase;
		};
/* End XCSwiftPackageProductDependency section */
	};
	rootObject = CE619C5E2951F97D00BACD56 /* Project object */;
}
